
Microsoft Visual Studio Solution File, Format Version 12.00
# Visual Studio Version 17
VisualStudioVersion = 17.6.33815.320
MinimumVisualStudioVersion = 10.0.40219.1
Project("{9A19103F-16F7-4668-BE54-9A1E7A4F7556}") = "InventoryManagementSystem", "InventoryManagementSystem\InventoryManagementSystem.csproj", "{2C207431-5A95-4297-862D-700D275348EA}"
EndProject
Global
	GlobalSection(SolutionConfigurationPlatforms) = preSolution
		Debug|Any CPU = Debug|Any CPU
		Release|Any CPU = Release|Any CPU
	EndGlobalSection
	GlobalSection(ProjectConfigurationPlatforms) = postSolution
		{2C207431-5A95-4297-862D-700D275348EA}.Debug|Any CPU.ActiveCfg = Debug|Any CPU
		{2C207431-5A95-4297-862D-700D275348EA}.Debug|Any CPU.Build.0 = Debug|Any CPU
		{2C207431-5A95-4297-862D-700D275348EA}.Release|Any CPU.ActiveCfg = Release|Any CPU
		{2C207431-5A95-4297-862D-700D275348EA}.Release|Any CPU.Build.0 = Release|Any CPU
	EndGlobalSection
	GlobalSection(SolutionProperties) = preSolution
		HideSolutionNode = FALSE
	EndGlobalSection
	GlobalSection(ExtensibilityGlobals) = postSolution
		SolutionGuid = {8A145A74-11E3-4350-A8A8-566D3BF7B71C}
	EndGlobalSection
EndGlobal
